
Microsoft Visual Studio Solution File, Format Version 12.00
# Visual Studio Version 17
VisualStudioVersion = 17.14.36518.9
MinimumVisualStudioVersion = 10.0.40219.1
Project("{FAE04EC0-301F-11D3-BF4B-00C04F79EFBC}") = "FitGen.Dominio", "FitGen.Domain\FitGen.Dominio.csproj", "{09D54232-5746-4066-99DA-014091F944DC}"
EndProject
Project("{FAE04EC0-301F-11D3-BF4B-00C04F79EFBC}") = "FitGen.Aplicacion", "FitGen.Application\FitGen.Aplicacion.csproj", "{8A5DEDE2-AD78-4B38-AD76-81A5AD9C8683}"
EndProject
Project("{FAE04EC0-301F-11D3-BF4B-00C04F79EFBC}") = "FitGen.Infraestructura", "FitGen.Infrastructure\FitGen.Infraestructura.csproj", "{E422B107-A945-4BCE-813B-9171FF0A97B3}"
EndProject
Project("{FAE04EC0-301F-11D3-BF4B-00C04F79EFBC}") = "FitGen.API", "FitGen.API\FitGen.API.csproj", "{C33ED920-435F-4C56-B359-3950B5E08F70}"
EndProject
Project("{FAE04EC0-301F-11D3-BF4B-00C04F79EFBC}") = "FitGen.Tests", "FitGen.Tests\FitGen.Tests.csproj", "{8972C3DB-BAD9-447F-8BFE-A4C7F1779591}"
EndProject
Global
	GlobalSection(SolutionConfigurationPlatforms) = preSolution
		Debug|Any CPU = Debug|Any CPU
		Release|Any CPU = Release|Any CPU
	EndGlobalSection
	GlobalSection(ProjectConfigurationPlatforms) = postSolution
		{09D54232-5746-4066-99DA-014091F944DC}.Debug|Any CPU.ActiveCfg = Debug|Any CPU
		{09D54232-5746-4066-99DA-014091F944DC}.Debug|Any CPU.Build.0 = Debug|Any CPU
		{09D54232-5746-4066-99DA-014091F944DC}.Release|Any CPU.ActiveCfg = Release|Any CPU
		{09D54232-5746-4066-99DA-014091F944DC}.Release|Any CPU.Build.0 = Release|Any CPU
		{8A5DEDE2-AD78-4B38-AD76-81A5AD9C8683}.Debug|Any CPU.ActiveCfg = Debug|Any CPU
		{8A5DEDE2-AD78-4B38-AD76-81A5AD9C8683}.Debug|Any CPU.Build.0 = Debug|Any CPU
		{8A5DEDE2-AD78-4B38-AD76-81A5AD9C8683}.Release|Any CPU.ActiveCfg = Release|Any CPU
		{8A5DEDE2-AD78-4B38-AD76-81A5AD9C8683}.Release|Any CPU.Build.0 = Release|Any CPU
		{E422B107-A945-4BCE-813B-9171FF0A97B3}.Debug|Any CPU.ActiveCfg = Debug|Any CPU
		{E422B107-A945-4BCE-813B-9171FF0A97B3}.Debug|Any CPU.Build.0 = Debug|Any CPU
		{E422B107-A945-4BCE-813B-9171FF0A97B3}.Release|Any CPU.ActiveCfg = Release|Any CPU
		{E422B107-A945-4BCE-813B-9171FF0A97B3}.Release|Any CPU.Build.0 = Release|Any CPU
		{C33ED920-435F-4C56-B359-3950B5E08F70}.Debug|Any CPU.ActiveCfg = Debug|Any CPU
		{C33ED920-435F-4C56-B359-3950B5E08F70}.Debug|Any CPU.Build.0 = Debug|Any CPU
		{C33ED920-435F-4C56-B359-3950B5E08F70}.Release|Any CPU.ActiveCfg = Release|Any CPU
		{C33ED920-435F-4C56-B359-3950B5E08F70}.Release|Any CPU.Build.0 = Release|Any CPU
		{8972C3DB-BAD9-447F-8BFE-A4C7F1779591}.Debug|Any CPU.ActiveCfg = Debug|Any CPU
		{8972C3DB-BAD9-447F-8BFE-A4C7F1779591}.Debug|Any CPU.Build.0 = Debug|Any CPU
		{8972C3DB-BAD9-447F-8BFE-A4C7F1779591}.Release|Any CPU.ActiveCfg = Release|Any CPU
		{8972C3DB-BAD9-447F-8BFE-A4C7F1779591}.Release|Any CPU.Build.0 = Release|Any CPU
	EndGlobalSection
	GlobalSection(SolutionProperties) = preSolution
		HideSolutionNode = FALSE
	EndGlobalSection
	GlobalSection(ExtensibilityGlobals) = postSolution
		SolutionGuid = {D7F17B5F-8FE8-468A-9520-999C63C4BBAB}
	EndGlobalSection
EndGlobal
